// !$*UTF8*$!
{
	archiveVersion = 1;
	classes = {
	};
	objectVersion = 50;
	objects = {

/* Begin PBXBuildFile section */
		B6A07CFC265797740052ED27 /* SmartSymbolsApp.swift in Sources */ = {isa = PBXBuildFile; fileRef = B6A07CFB265797740052ED27 /* SmartSymbolsApp.swift */; };
		B6A07CFE265797740052ED27 /* ContentView.swift in Sources */ = {isa = PBXBuildFile; fileRef = B6A07CFD265797740052ED27 /* ContentView.swift */; };
		B6A07D00265797780052ED27 /* Assets.xcassets in Resources */ = {isa = PBXBuildFile; fileRef = B6A07CFF265797780052ED27 /* Assets.xcassets */; };
		B6A07D03265797780052ED27 /* Preview Assets.xcassets in Resources */ = {isa = PBXBuildFile; fileRef = B6A07D02265797780052ED27 /* Preview Assets.xcassets */; };
		B6A07D0C265797980052ED27 /* EmbeddingRecommender.swift in Sources */ = {isa = PBXBuildFile; fileRef = B6A07D0B265797980052ED27 /* EmbeddingRecommender.swift */; };
		B6A07D0E265797FA0052ED27 /* SmartSymbols.swift in Sources */ = {isa = PBXBuildFile; fileRef = B6A07D0D265797FA0052ED27 /* SmartSymbols.swift */; };
		B6A07D16265798560052ED27 /* IconModelIT.mlmodel in Sources */ = {isa = PBXBuildFile; fileRef = B6A07D10265798550052ED27 /* IconModelIT.mlmodel */; };
		B6A07D17265798560052ED27 /* IconModelFR.mlmodel in Sources */ = {isa = PBXBuildFile; fileRef = B6A07D11265798550052ED27 /* IconModelFR.mlmodel */; };
		B6A07D18265798560052ED27 /* IconModelPT.mlmodel in Sources */ = {isa = PBXBuildFile; fileRef = B6A07D12265798550052ED27 /* IconModelPT.mlmodel */; };
		B6A07D19265798560052ED27 /* IconModelDE.mlmodel in Sources */ = {isa = PBXBuildFile; fileRef = B6A07D13265798550052ED27 /* IconModelDE.mlmodel */; };
		B6A07D1A265798560052ED27 /* IconModelES.mlmodel in Sources */ = {isa = PBXBuildFile; fileRef = B6A07D14265798550052ED27 /* IconModelES.mlmodel */; };
		B6A07D1B265798560052ED27 /* IconModelEN.mlmodel in Sources */ = {isa = PBXBuildFile; fileRef = B6A07D15265798550052ED27 /* IconModelEN.mlmodel */; };
		B6A07D1D26579CEB0052ED27 /* IconClassifer.mlmodel in Sources */ = {isa = PBXBuildFile; fileRef = B6A07D1C26579CEB0052ED27 /* IconClassifer.mlmodel */; };
		B6A07D1F26579D2E0052ED27 /* CreateMLRecommender.swift in Sources */ = {isa = PBXBuildFile; fileRef = B6A07D1E26579D2E0052ED27 /* CreateMLRecommender.swift */; };
		B6A07D212657C9530052ED27 /* UpdatableKNN.mlmodel in Sources */ = {isa = PBXBuildFile; fileRef = B6A07D202657C9520052ED27 /* UpdatableKNN.mlmodel */; };
		B6A07D232657D8560052ED27 /* KNNRecommender.swift in Sources */ = {isa = PBXBuildFile; fileRef = B6A07D222657D8560052ED27 /* KNNRecommender.swift */; };
		B6A07D252657EBDE0052ED27 /* IconModel.mlmodel in Sources */ = {isa = PBXBuildFile; fileRef = B6A07D242657EBDD0052ED27 /* IconModel.mlmodel */; };
		B6A07D272657EC0F0052ED27 /* CombinedRecommender.swift in Sources */ = {isa = PBXBuildFile; fileRef = B6A07D262657EC0F0052ED27 /* CombinedRecommender.swift */; };
/* End PBXBuildFile section */

/* Begin PBXFileReference section */
		B6A07CF8265797740052ED27 /* SmartSymbols.app */ = {isa = PBXFileReference; explicitFileType = wrapper.application; includeInIndex = 0; path = SmartSymbols.app; sourceTree = BUILT_PRODUCTS_DIR; };
		B6A07CFB265797740052ED27 /* SmartSymbolsApp.swift */ = {isa = PBXFileReference; lastKnownFileType = sourcecode.swift; path = SmartSymbolsApp.swift; sourceTree = "<group>"; };
		B6A07CFD265797740052ED27 /* ContentView.swift */ = {isa = PBXFileReference; lastKnownFileType = sourcecode.swift; path = ContentView.swift; sourceTree = "<group>"; };
		B6A07CFF265797780052ED27 /* Assets.xcassets */ = {isa = PBXFileReference; lastKnownFileType = folder.assetcatalog; path = Assets.xcassets; sourceTree = "<group>"; };
		B6A07D02265797780052ED27 /* Preview Assets.xcassets */ = {isa = PBXFileReference; lastKnownFileType = folder.assetcatalog; path = "Preview Assets.xcassets"; sourceTree = "<group>"; };
		B6A07D04265797780052ED27 /* Info.plist */ = {isa = PBXFileReference; lastKnownFileType = text.plist.xml; path = Info.plist; sourceTree = "<group>"; };
		B6A07D05265797780052ED27 /* SmartSymbols.entitlements */ = {isa = PBXFileReference; lastKnownFileType = text.plist.entitlements; path = SmartSymbols.entitlements; sourceTree = "<group>"; };
		B6A07D0B265797980052ED27 /* EmbeddingRecommender.swift */ = {isa = PBXFileReference; fileEncoding = 4; lastKnownFileType = sourcecode.swift; path = EmbeddingRecommender.swift; sourceTree = "<group>"; };
		B6A07D0D265797FA0052ED27 /* SmartSymbols.swift */ = {isa = PBXFileReference; lastKnownFileType = sourcecode.swift; path = SmartSymbols.swift; sourceTree = "<group>"; };
		B6A07D10265798550052ED27 /* IconModelIT.mlmodel */ = {isa = PBXFileReference; lastKnownFileType = file.mlmodel; path = IconModelIT.mlmodel; sourceTree = "<group>"; };
		B6A07D11265798550052ED27 /* IconModelFR.mlmodel */ = {isa = PBXFileReference; lastKnownFileType = file.mlmodel; path = IconModelFR.mlmodel; sourceTree = "<group>"; };
		B6A07D12265798550052ED27 /* IconModelPT.mlmodel */ = {isa = PBXFileReference; lastKnownFileType = file.mlmodel; path = IconModelPT.mlmodel; sourceTree = "<group>"; };
		B6A07D13265798550052ED27 /* IconModelDE.mlmodel */ = {isa = PBXFileReference; lastKnownFileType = file.mlmodel; path = IconModelDE.mlmodel; sourceTree = "<group>"; };
		B6A07D14265798550052ED27 /* IconModelES.mlmodel */ = {isa = PBXFileReference; lastKnownFileType = file.mlmodel; path = IconModelES.mlmodel; sourceTree = "<group>"; };
		B6A07D15265798550052ED27 /* IconModelEN.mlmodel */ = {isa = PBXFileReference; lastKnownFileType = file.mlmodel; path = IconModelEN.mlmodel; sourceTree = "<group>"; };
		B6A07D1C26579CEB0052ED27 /* IconClassifer.mlmodel */ = {isa = PBXFileReference; lastKnownFileType = file.mlmodel; path = IconClassifer.mlmodel; sourceTree = "<group>"; };
		B6A07D1E26579D2E0052ED27 /* CreateMLRecommender.swift */ = {isa = PBXFileReference; lastKnownFileType = sourcecode.swift; path = CreateMLRecommender.swift; sourceTree = "<group>"; };
		B6A07D202657C9520052ED27 /* UpdatableKNN.mlmodel */ = {isa = PBXFileReference; lastKnownFileType = file.mlmodel; path = UpdatableKNN.mlmodel; sourceTree = "<group>"; };
		B6A07D222657D8560052ED27 /* KNNRecommender.swift */ = {isa = PBXFileReference; lastKnownFileType = sourcecode.swift; path = KNNRecommender.swift; sourceTree = "<group>"; };
		B6A07D242657EBDD0052ED27 /* IconModel.mlmodel */ = {isa = PBXFileReference; lastKnownFileType = file.mlmodel; path = IconModel.mlmodel; sourceTree = "<group>"; };
		B6A07D262657EC0F0052ED27 /* CombinedRecommender.swift */ = {isa = PBXFileReference; lastKnownFileType = sourcecode.swift; path = CombinedRecommender.swift; sourceTree = "<group>"; };
/* End PBXFileReference section */

/* Begin PBXFrameworksBuildPhase section */
		B6A07CF5265797740052ED27 /* Frameworks */ = {
			isa = PBXFrameworksBuildPhase;
			buildActionMask = 2147483647;
			files = (
			);
			runOnlyForDeploymentPostprocessing = 0;
		};
/* End PBXFrameworksBuildPhase section */

/* Begin PBXGroup section */
		B6A07CEF265797740052ED27 = {
			isa = PBXGroup;
			children = (
				B6A07CFA265797740052ED27 /* SmartSymbols */,
				B6A07CF9265797740052ED27 /* Products */,
			);
			sourceTree = "<group>";
		};
		B6A07CF9265797740052ED27 /* Products */ = {
			isa = PBXGroup;
			children = (
				B6A07CF8265797740052ED27 /* SmartSymbols.app */,
			);
			name = Products;
			sourceTree = "<group>";
		};
		B6A07CFA265797740052ED27 /* SmartSymbols */ = {
			isa = PBXGroup;
			children = (
				B6A07CFB265797740052ED27 /* SmartSymbolsApp.swift */,
				B6A07CFD265797740052ED27 /* ContentView.swift */,
				B6A07D0D265797FA0052ED27 /* SmartSymbols.swift */,
				B6A07D0B265797980052ED27 /* EmbeddingRecommender.swift */,
				B6A07D262657EC0F0052ED27 /* CombinedRecommender.swift */,
				B6A07D1E26579D2E0052ED27 /* CreateMLRecommender.swift */,
				B6A07D222657D8560052ED27 /* KNNRecommender.swift */,
				B6A07D0F265798550052ED27 /* Models */,
				B6A07D1C26579CEB0052ED27 /* IconClassifer.mlmodel */,
				B6A07D242657EBDD0052ED27 /* IconModel.mlmodel */,
				B6A07D202657C9520052ED27 /* UpdatableKNN.mlmodel */,
				B6A07CFF265797780052ED27 /* Assets.xcassets */,
				B6A07D04265797780052ED27 /* Info.plist */,
				B6A07D05265797780052ED27 /* SmartSymbols.entitlements */,
				B6A07D01265797780052ED27 /* Preview Content */,
			);
			path = SmartSymbols;
			sourceTree = "<group>";
		};
		B6A07D01265797780052ED27 /* Preview Content */ = {
			isa = PBXGroup;
			children = (
				B6A07D02265797780052ED27 /* Preview Assets.xcassets */,
			);
			path = "Preview Content";
			sourceTree = "<group>";
		};
		B6A07D0F265798550052ED27 /* Models */ = {
			isa = PBXGroup;
			children = (
				B6A07D10265798550052ED27 /* IconModelIT.mlmodel */,
				B6A07D11265798550052ED27 /* IconModelFR.mlmodel */,
				B6A07D12265798550052ED27 /* IconModelPT.mlmodel */,
				B6A07D13265798550052ED27 /* IconModelDE.mlmodel */,
				B6A07D14265798550052ED27 /* IconModelES.mlmodel */,
				B6A07D15265798550052ED27 /* IconModelEN.mlmodel */,
			);
			path = Models;
			sourceTree = "<group>";
		};
/* End PBXGroup section */

/* Begin PBXNativeTarget section */
		B6A07CF7265797740052ED27 /* SmartSymbols */ = {
			isa = PBXNativeTarget;
			buildConfigurationList = B6A07D08265797780052ED27 /* Build configuration list for PBXNativeTarget "SmartSymbols" */;
			buildPhases = (
				B6A07CF4265797740052ED27 /* Sources */,
				B6A07CF5265797740052ED27 /* Frameworks */,
				B6A07CF6265797740052ED27 /* Resources */,
			);
			buildRules = (
			);
			dependencies = (
			);
			name = SmartSymbols;
			productName = SmartSymbols;
			productReference = B6A07CF8265797740052ED27 /* SmartSymbols.app */;
			productType = "com.apple.product-type.application";
		};
/* End PBXNativeTarget section */

/* Begin PBXProject section */
		B6A07CF0265797740052ED27 /* Project object */ = {
			isa = PBXProject;
			attributes = {
				LastSwiftUpdateCheck = 1250;
				LastUpgradeCheck = 1250;
				TargetAttributes = {
					B6A07CF7265797740052ED27 = {
						CreatedOnToolsVersion = 12.5;
					};
				};
			};
			buildConfigurationList = B6A07CF3265797740052ED27 /* Build configuration list for PBXProject "SmartSymbols" */;
			compatibilityVersion = "Xcode 9.3";
			developmentRegion = en;
			hasScannedForEncodings = 0;
			knownRegions = (
				en,
				Base,
			);
			mainGroup = B6A07CEF265797740052ED27;
			productRefGroup = B6A07CF9265797740052ED27 /* Products */;
			projectDirPath = "";
			projectRoot = "";
			targets = (
				B6A07CF7265797740052ED27 /* SmartSymbols */,
			);
		};
/* End PBXProject section */

/* Begin PBXResourcesBuildPhase section */
		B6A07CF6265797740052ED27 /* Resources */ = {
			isa = PBXResourcesBuildPhase;
			buildActionMask = 2147483647;
			files = (
				B6A07D03265797780052ED27 /* Preview Assets.xcassets in Resources */,
				B6A07D00265797780052ED27 /* Assets.xcassets in Resources */,
			);
			runOnlyForDeploymentPostprocessing = 0;
		};
/* End PBXResourcesBuildPhase section */

/* Begin PBXSourcesBuildPhase section */
		B6A07CF4265797740052ED27 /* Sources */ = {
			isa = PBXSourcesBuildPhase;
			buildActionMask = 2147483647;
			files = (
				B6A07CFE265797740052ED27 /* ContentView.swift in Sources */,
				B6A07D18265798560052ED27 /* IconModelPT.mlmodel in Sources */,
				B6A07D252657EBDE0052ED27 /* IconModel.mlmodel in Sources */,
				B6A07D1F26579D2E0052ED27 /* CreateMLRecommender.swift in Sources */,
				B6A07D17265798560052ED27 /* IconModelFR.mlmodel in Sources */,
				B6A07D1D26579CEB0052ED27 /* IconClassifer.mlmodel in Sources */,
				B6A07D272657EC0F0052ED27 /* CombinedRecommender.swift in Sources */,
				B6A07D16265798560052ED27 /* IconModelIT.mlmodel in Sources */,
				B6A07D1B265798560052ED27 /* IconModelEN.mlmodel in Sources */,
				B6A07D232657D8560052ED27 /* KNNRecommender.swift in Sources */,
				B6A07D1A265798560052ED27 /* IconModelES.mlmodel in Sources */,
				B6A07D0E265797FA0052ED27 /* SmartSymbols.swift in Sources */,
				B6A07CFC265797740052ED27 /* SmartSymbolsApp.swift in Sources */,
				B6A07D19265798560052ED27 /* IconModelDE.mlmodel in Sources */,
				B6A07D0C265797980052ED27 /* EmbeddingRecommender.swift in Sources */,
				B6A07D212657C9530052ED27 /* UpdatableKNN.mlmodel in Sources */,
			);
			runOnlyForDeploymentPostprocessing = 0;
		};
/* End PBXSourcesBuildPhase section */

/* Begin XCBuildConfiguration section */
		B6A07D06265797780052ED27 /* Debug */ = {
			isa = XCBuildConfiguration;
			buildSettings = {
				ALWAYS_SEARCH_USER_PATHS = NO;
				CLANG_ANALYZER_NONNULL = YES;
				CLANG_ANALYZER_NUMBER_OBJECT_CONVERSION = YES_AGGRESSIVE;
				CLANG_CXX_LANGUAGE_STANDARD = "gnu++14";
				CLANG_CXX_LIBRARY = "libc++";
				CLANG_ENABLE_MODULES = YES;
				CLANG_ENABLE_OBJC_ARC = YES;
				CLANG_ENABLE_OBJC_WEAK = YES;
				CLANG_WARN_BLOCK_CAPTURE_AUTORELEASING = YES;
				CLANG_WARN_BOOL_CONVERSION = YES;
				CLANG_WARN_COMMA = YES;
				CLANG_WARN_CONSTANT_CONVERSION = YES;
				CLANG_WARN_DEPRECATED_OBJC_IMPLEMENTATIONS = YES;
				CLANG_WARN_DIRECT_OBJC_ISA_USAGE = YES_ERROR;
				CLANG_WARN_DOCUMENTATION_COMMENTS = YES;
				CLANG_WARN_EMPTY_BODY = YES;
				CLANG_WARN_ENUM_CONVERSION = YES;
				CLANG_WARN_INFINITE_RECURSION = YES;
				CLANG_WARN_INT_CONVERSION = YES;
				CLANG_WARN_NON_LITERAL_NULL_CONVERSION = YES;
				CLANG_WARN_OBJC_IMPLICIT_RETAIN_SELF = YES;
				CLANG_WARN_OBJC_LITERAL_CONVERSION = YES;
				CLANG_WARN_OBJC_ROOT_CLASS = YES_ERROR;
				CLANG_WARN_QUOTED_INCLUDE_IN_FRAMEWORK_HEADER = YES;
				CLANG_WARN_RANGE_LOOP_ANALYSIS = YES;
				CLANG_WARN_STRICT_PROTOTYPES = YES;
				CLANG_WARN_SUSPICIOUS_MOVE = YES;
				CLANG_WARN_UNGUARDED_AVAILABILITY = YES_AGGRESSIVE;
				CLANG_WARN_UNREACHABLE_CODE = YES;
				CLANG_WARN__DUPLICATE_METHOD_MATCH = YES;
				COPY_PHASE_STRIP = NO;
				DEBUG_INFORMATION_FORMAT = dwarf;
				ENABLE_STRICT_OBJC_MSGSEND = YES;
				ENABLE_TESTABILITY = YES;
				GCC_C_LANGUAGE_STANDARD = gnu11;
				GCC_DYNAMIC_NO_PIC = NO;
				GCC_NO_COMMON_BLOCKS = YES;
				GCC_OPTIMIZATION_LEVEL = 0;
				GCC_PREPROCESSOR_DEFINITIONS = (
					"DEBUG=1",
					"$(inherited)",
				);
				GCC_WARN_64_TO_32_BIT_CONVERSION = YES;
				GCC_WARN_ABOUT_RETURN_TYPE = YES_ERROR;
				GCC_WARN_UNDECLARED_SELECTOR = YES;
				GCC_WARN_UNINITIALIZED_AUTOS = YES_AGGRESSIVE;
				GCC_WARN_UNUSED_FUNCTION = YES;
				GCC_WARN_UNUSED_VARIABLE = YES;
				MACOSX_DEPLOYMENT_TARGET = 11.2;
				MTL_ENABLE_DEBUG_INFO = INCLUDE_SOURCE;
				MTL_FAST_MATH = YES;
				ONLY_ACTIVE_ARCH = YES;
				SDKROOT = macosx;
				SWIFT_ACTIVE_COMPILATION_CONDITIONS = DEBUG;
				SWIFT_OPTIMIZATION_LEVEL = "-Onone";
			};
			name = Debug;
		};
		B6A07D07265797780052ED27 /* Release */ = {
			isa = XCBuildConfiguration;
			buildSettings = {
				ALWAYS_SEARCH_USER_PATHS = NO;
				CLANG_ANALYZER_NONNULL = YES;
				CLANG_ANALYZER_NUMBER_OBJECT_CONVERSION = YES_AGGRESSIVE;
				CLANG_CXX_LANGUAGE_STANDARD = "gnu++14";
				CLANG_CXX_LIBRARY = "libc++";
				CLANG_ENABLE_MODULES = YES;
				CLANG_ENABLE_OBJC_ARC = YES;
				CLANG_ENABLE_OBJC_WEAK = YES;
				CLANG_WARN_BLOCK_CAPTURE_AUTORELEASING = YES;
				CLANG_WARN_BOOL_CONVERSION = YES;
				CLANG_WARN_COMMA = YES;
				CLANG_WARN_CONSTANT_CONVERSION = YES;
				CLANG_WARN_DEPRECATED_OBJC_IMPLEMENTATIONS = YES;
				CLANG_WARN_DIRECT_OBJC_ISA_USAGE = YES_ERROR;
				CLANG_WARN_DOCUMENTATION_COMMENTS = YES;
				CLANG_WARN_EMPTY_BODY = YES;
				CLANG_WARN_ENUM_CONVERSION = YES;
				CLANG_WARN_INFINITE_RECURSION = YES;
				CLANG_WARN_INT_CONVERSION = YES;
				CLANG_WARN_NON_LITERAL_NULL_CONVERSION = YES;
				CLANG_WARN_OBJC_IMPLICIT_RETAIN_SELF = YES;
				CLANG_WARN_OBJC_LITERAL_CONVERSION = YES;
				CLANG_WARN_OBJC_ROOT_CLASS = YES_ERROR;
				CLANG_WARN_QUOTED_INCLUDE_IN_FRAMEWORK_HEADER = YES;
				CLANG_WARN_RANGE_LOOP_ANALYSIS = YES;
				CLANG_WARN_STRICT_PROTOTYPES = YES;
				CLANG_WARN_SUSPICIOUS_MOVE = YES;
				CLANG_WARN_UNGUARDED_AVAILABILITY = YES_AGGRESSIVE;
				CLANG_WARN_UNREACHABLE_CODE = YES;
				CLANG_WARN__DUPLICATE_METHOD_MATCH = YES;
				COPY_PHASE_STRIP = NO;
				DEBUG_INFORMATION_FORMAT = "dwarf-with-dsym";
				ENABLE_NS_ASSERTIONS = NO;
				ENABLE_STRICT_OBJC_MSGSEND = YES;
				GCC_C_LANGUAGE_STANDARD = gnu11;
				GCC_NO_COMMON_BLOCKS = YES;
				GCC_WARN_64_TO_32_BIT_CONVERSION = YES;
				GCC_WARN_ABOUT_RETURN_TYPE = YES_ERROR;
				GCC_WARN_UNDECLARED_SELECTOR = YES;
				GCC_WARN_UNINITIALIZED_AUTOS = YES_AGGRESSIVE;
				GCC_WARN_UNUSED_FUNCTION = YES;
				GCC_WARN_UNUSED_VARIABLE = YES;
				MACOSX_DEPLOYMENT_TARGET = 11.2;
				MTL_ENABLE_DEBUG_INFO = NO;
				MTL_FAST_MATH = YES;
				SDKROOT = macosx;
				SWIFT_COMPILATION_MODE = wholemodule;
				SWIFT_OPTIMIZATION_LEVEL = "-O";
			};
			name = Release;
		};
		B6A07D09265797780052ED27 /* Debug */ = {
			isa = XCBuildConfiguration;
			buildSettings = {
				ASSETCATALOG_COMPILER_APPICON_NAME = AppIcon;
				ASSETCATALOG_COMPILER_GLOBAL_ACCENT_COLOR_NAME = AccentColor;
				CODE_SIGN_ENTITLEMENTS = SmartSymbols/SmartSymbols.entitlements;
				CODE_SIGN_STYLE = Automatic;
				COMBINE_HIDPI_IMAGES = YES;
				DEVELOPMENT_ASSET_PATHS = "\"SmartSymbols/Preview Content\"";
				DEVELOPMENT_TEAM = P459Y32P65;
				ENABLE_HARDENED_RUNTIME = YES;
				ENABLE_PREVIEWS = YES;
				INFOPLIST_FILE = SmartSymbols/Info.plist;
				LD_RUNPATH_SEARCH_PATHS = (
					"$(inherited)",
					"@executable_path/../Frameworks",
				);
				MACOSX_DEPLOYMENT_TARGET = 11.0;
				PRODUCT_BUNDLE_IDENTIFIER = com.leomehlig.SmartSymbols;
				PRODUCT_NAME = "$(TARGET_NAME)";
				SWIFT_VERSION = 5.0;
			};
			name = Debug;
		};
		B6A07D0A265797780052ED27 /* Release */ = {
			isa = XCBuildConfiguration;
			buildSettings = {
				ASSETCATALOG_COMPILER_APPICON_NAME = AppIcon;
				ASSETCATALOG_COMPILER_GLOBAL_ACCENT_COLOR_NAME = AccentColor;
				CODE_SIGN_ENTITLEMENTS = SmartSymbols/SmartSymbols.entitlements;
				CODE_SIGN_STYLE = Automatic;
				COMBINE_HIDPI_IMAGES = YES;
				DEVELOPMENT_ASSET_PATHS = "\"SmartSymbols/Preview Content\"";
				DEVELOPMENT_TEAM = P459Y32P65;
				ENABLE_HARDENED_RUNTIME = YES;
				ENABLE_PREVIEWS = YES;
				INFOPLIST_FILE = SmartSymbols/Info.plist;
				LD_RUNPATH_SEARCH_PATHS = (
					"$(inherited)",
					"@executable_path/../Frameworks",
				);
				MACOSX_DEPLOYMENT_TARGET = 11.0;
				PRODUCT_BUNDLE_IDENTIFIER = com.leomehlig.SmartSymbols;
				PRODUCT_NAME = "$(TARGET_NAME)";
				SWIFT_VERSION = 5.0;
			};
			name = Release;
		};
/* End XCBuildConfiguration section */

/* Begin XCConfigurationList section */
		B6A07CF3265797740052ED27 /* Build configuration list for PBXProject "SmartSymbols" */ = {
			isa = XCConfigurationList;
			buildConfigurations = (
				B6A07D06265797780052ED27 /* Debug */,
				B6A07D07265797780052ED27 /* Release */,
			);
			defaultConfigurationIsVisible = 0;
			defaultConfigurationName = Release;
		};
		B6A07D08265797780052ED27 /* Build configuration list for PBXNativeTarget "SmartSymbols" */ = {
			isa = XCConfigurationList;
			buildConfigurations = (
				B6A07D09265797780052ED27 /* Debug */,
				B6A07D0A265797780052ED27 /* Release */,
			);
			defaultConfigurationIsVisible = 0;
			defaultConfigurationName = Release;
		};
/* End XCConfigurationList section */
	};
	rootObject = B6A07CF0265797740052ED27 /* Project object */;
}
